{
  "version": 4,
  "terraform_version": "1.13.3",
  "serial": 95,
  "lineage": "59f7d1c0-4dbe-15f0-89cc-154b5b9522b4",
  "outputs": {},
  "resources": [
    {
      "mode": "managed",
      "type": "aws_instance",
      "name": "server",
      "provider": "provider[\"registry.terraform.io/hashicorp/aws\"]",
      "instances": [
        {
          "index_key": "appserver-1",
          "schema_version": 2,
          "attributes": {
            "ami": "ami-0360c520857e3138f",
            "arn": "arn:aws:ec2:us-east-1:234495744558:instance/i-0b36d982226bd63a6",
            "associate_public_ip_address": true,
            "availability_zone": "us-east-1a",
            "capacity_reservation_specification": [
              {
                "capacity_reservation_preference": "open",
                "capacity_reservation_target": []
              }
            ],
            "cpu_options": [
              {
                "amd_sev_snp": "",
                "core_count": 1,
                "threads_per_core": 2
              }
            ],
            "credit_specification": [
              {
                "cpu_credits": "unlimited"
              }
            ],
            "disable_api_stop": false,
            "disable_api_termination": false,
            "ebs_block_device": [],
            "ebs_optimized": false,
            "enable_primary_ipv6": null,
            "enclave_options": [
              {
                "enabled": false
              }
            ],
            "ephemeral_block_device": [],
            "force_destroy": false,
            "get_password_data": false,
            "hibernation": false,
            "host_id": "",
            "host_resource_group_arn": null,
            "iam_instance_profile": "",
            "id": "i-0b36d982226bd63a6",
            "instance_initiated_shutdown_behavior": "stop",
            "instance_lifecycle": "",
            "instance_market_options": [],
            "instance_state": "running",
            "instance_type": "t3.micro",
            "ipv6_address_count": 0,
            "ipv6_addresses": [],
            "key_name": "suv-key-pair",
            "launch_template": [],
            "maintenance_options": [
              {
                "auto_recovery": "default"
              }
            ],
            "metadata_options": [
              {
                "http_endpoint": "enabled",
                "http_protocol_ipv6": "disabled",
                "http_put_response_hop_limit": 2,
                "http_tokens": "required",
                "instance_metadata_tags": "disabled"
              }
            ],
            "monitoring": false,
            "network_interface": [],
            "outpost_arn": "",
            "password_data": "",
            "placement_group": "",
            "placement_group_id": "",
            "placement_partition_number": 0,
            "primary_network_interface": [
              {
                "delete_on_termination": true,
                "network_interface_id": "eni-0264d934cf7ac40c5"
              }
            ],
            "primary_network_interface_id": "eni-0264d934cf7ac40c5",
            "private_dns": "ip-172-31-16-129.ec2.internal",
            "private_dns_name_options": [
              {
                "enable_resource_name_dns_a_record": false,
                "enable_resource_name_dns_aaaa_record": false,
                "hostname_type": "ip-name"
              }
            ],
            "private_ip": "172.31.16.129",
            "public_dns": "ec2-44-223-75-241.compute-1.amazonaws.com",
            "public_ip": "44.223.75.241",
            "region": "us-east-1",
            "root_block_device": [
              {
                "delete_on_termination": true,
                "device_name": "/dev/sda1",
                "encrypted": false,
                "iops": 3000,
                "kms_key_id": "",
                "tags": {},
                "tags_all": {},
                "throughput": 125,
                "volume_id": "vol-0093f427c95339ddb",
                "volume_size": 8,
                "volume_type": "gp3"
              }
            ],
            "secondary_private_ips": [],
            "security_groups": [
              "default"
            ],
            "source_dest_check": true,
            "spot_instance_request_id": "",
            "subnet_id": "subnet-0d204dde42a5aab01",
            "tags": {
              "Name": "appserver-1"
            },
            "tags_all": {
              "Name": "appserver-1"
            },
            "tenancy": "default",
            "timeouts": null,
            "user_data": "#!/bin/bash\r\nset -euxo pipefail\r\nexec \u003e \u003e(tee -a /var/log/tomcat-setup.log) 2\u003e\u00261\r\n\r\n# ========== VARIABLES ==========\r\nTOMCAT_VERSION=\"9.0.111\"\r\nTOMCAT_USER=\"tomcat\"\r\nTOMCAT_PASSWORD=\"raham123\"\r\nINSTALL_DIR=\"/opt/tomcat\"\r\nTOMCAT_TGZ=\"apache-tomcat-${TOMCAT_VERSION}.tar.gz\"\r\nTOMCAT_URL=\"https://dlcdn.apache.org/tomcat/tomcat-9/v${TOMCAT_VERSION}/bin/${TOMCAT_TGZ}\"\r\n\r\n# ========== INSTALL JAVA ==========\r\nsudo apt-get update -y\r\nsudo apt-get install -y openjdk-17-jre-headless wget tar\r\n\r\n# ========== CREATE TOMCAT USER ==========\r\nif ! id $TOMCAT_USER \u003e/dev/null 2\u003e\u00261; then\r\n  sudo useradd -m -U -d ${INSTALL_DIR} -s /bin/false ${TOMCAT_USER}\r\nfi\r\n\r\n# ========== DOWNLOAD \u0026 INSTALL TOMCAT ==========\r\ncd /tmp\r\nwget -q ${TOMCAT_URL}\r\nsudo mkdir -p ${INSTALL_DIR}\r\nsudo tar -xzf ${TOMCAT_TGZ} -C ${INSTALL_DIR} --strip-components=1\r\nrm -f ${TOMCAT_TGZ}\r\n\r\n# ========== CONFIGURE TOMCAT USERS ==========\r\nTOMCAT_USERS_FILE=\"${INSTALL_DIR}/conf/tomcat-users.xml\"\r\n\r\nsudo tee ${TOMCAT_USERS_FILE} \u003e /dev/null \u003c\u003cEOF\r\n\u003c?xml version=\"1.0\" encoding=\"UTF-8\"?\u003e\r\n\u003ctomcat-users\u003e\r\n  \u003crole rolename=\"manager-gui\"/\u003e\r\n  \u003crole rolename=\"manager-script\"/\u003e\r\n  \u003cuser username=\"${TOMCAT_USER}\" password=\"${TOMCAT_PASSWORD}\" roles=\"manager-gui,manager-script\"/\u003e\r\n\u003c/tomcat-users\u003e\r\nEOF\r\n\r\n# ========== UNLOCK MANAGER \u0026 HOST-MANAGER WEBAPPS ==========\r\nsudo sed -i '/Valve className=\"org.apache.catalina.valves.RemoteAddrValve\"/d' \\\r\n  ${INSTALL_DIR}/webapps/manager/META-INF/context.xml || true\r\nsudo sed -i '/Valve className=\"org.apache.catalina.valves.RemoteAddrValve\"/d' \\\r\n  ${INSTALL_DIR}/webapps/host-manager/META-INF/context.xml || true\r\n\r\n# ========== PERMISSIONS ==========\r\nsudo chown -R ${TOMCAT_USER}:${TOMCAT_USER} ${INSTALL_DIR}\r\n\r\n# ========== SYSTEMD SERVICE ==========\r\nsudo tee /etc/systemd/system/tomcat.service \u003e /dev/null \u003c\u003cEOF\r\n[Unit]\r\nDescription=Apache Tomcat Web Application Container\r\nAfter=network.target\r\n\r\n[Service]\r\nType=forking\r\n\r\nUser=${TOMCAT_USER}\r\nGroup=${TOMCAT_USER}\r\n\r\nEnvironment=\"JAVA_HOME=/usr/lib/jvm/java-17-openjdk-amd64\"\r\nEnvironment=\"CATALINA_PID=${INSTALL_DIR}/temp/tomcat.pid\"\r\nEnvironment=\"CATALINA_HOME=${INSTALL_DIR}\"\r\nEnvironment=\"CATALINA_BASE=${INSTALL_DIR}\"\r\nEnvironment=\"CATALINA_OPTS=-Xms512M -Xmx1024M -server -XX:+UseParallelGC\"\r\nEnvironment=\"JAVA_OPTS=-Djava.awt.headless=true -Djava.security.egd=file:/dev/./urandom\"\r\n\r\nExecStart=${INSTALL_DIR}/bin/startup.sh\r\nExecStop=${INSTALL_DIR}/bin/shutdown.sh\r\n\r\nRestart=on-failure\r\n\r\n[Install]\r\nWantedBy=multi-user.target\r\nEOF\r\n\r\n# ========== START TOMCAT ==========\r\nsudo systemctl daemon-reload\r\nsudo systemctl enable tomcat\r\nsudo systemctl start tomcat\r\nsudo systemctl status tomcat --no-pager || true\r\n\r\necho \"✅ Tomcat ${TOMCAT_VERSION} installation completed successfully.\"\r\n",
            "user_data_base64": null,
            "user_data_replace_on_change": false,
            "volume_tags": null,
            "vpc_security_group_ids": [
              "sg-03d6fe3e4c0a53fa8"
            ]
          },
          "sensitive_attributes": [],
          "identity_schema_version": 0,
          "identity": {
            "account_id": "234495744558",
            "id": "i-0b36d982226bd63a6",
            "region": "us-east-1"
          },
          "private": "eyJlMmJmYjczMC1lY2FhLTExZTYtOGY4OC0zNDM2M2JjN2M0YzAiOnsiY3JlYXRlIjo2MDAwMDAwMDAwMDAsImRlbGV0ZSI6MTIwMDAwMDAwMDAwMCwicmVhZCI6OTAwMDAwMDAwMDAwLCJ1cGRhdGUiOjYwMDAwMDAwMDAwMH0sInNjaGVtYV92ZXJzaW9uIjoiMiJ9"
        },
        {
          "index_key": "appserver-2",
          "schema_version": 2,
          "attributes": {
            "ami": "ami-0360c520857e3138f",
            "arn": "arn:aws:ec2:us-east-1:234495744558:instance/i-0d5c90c6299a32862",
            "associate_public_ip_address": true,
            "availability_zone": "us-east-1a",
            "capacity_reservation_specification": [
              {
                "capacity_reservation_preference": "open",
                "capacity_reservation_target": []
              }
            ],
            "cpu_options": [
              {
                "amd_sev_snp": "",
                "core_count": 1,
                "threads_per_core": 2
              }
            ],
            "credit_specification": [
              {
                "cpu_credits": "unlimited"
              }
            ],
            "disable_api_stop": false,
            "disable_api_termination": false,
            "ebs_block_device": [],
            "ebs_optimized": false,
            "enable_primary_ipv6": null,
            "enclave_options": [
              {
                "enabled": false
              }
            ],
            "ephemeral_block_device": [],
            "force_destroy": false,
            "get_password_data": false,
            "hibernation": false,
            "host_id": "",
            "host_resource_group_arn": null,
            "iam_instance_profile": "",
            "id": "i-0d5c90c6299a32862",
            "instance_initiated_shutdown_behavior": "stop",
            "instance_lifecycle": "",
            "instance_market_options": [],
            "instance_state": "running",
            "instance_type": "t3.micro",
            "ipv6_address_count": 0,
            "ipv6_addresses": [],
            "key_name": "suv-key-pair",
            "launch_template": [],
            "maintenance_options": [
              {
                "auto_recovery": "default"
              }
            ],
            "metadata_options": [
              {
                "http_endpoint": "enabled",
                "http_protocol_ipv6": "disabled",
                "http_put_response_hop_limit": 2,
                "http_tokens": "required",
                "instance_metadata_tags": "disabled"
              }
            ],
            "monitoring": false,
            "network_interface": [],
            "outpost_arn": "",
            "password_data": "",
            "placement_group": "",
            "placement_group_id": "",
            "placement_partition_number": 0,
            "primary_network_interface": [
              {
                "delete_on_termination": true,
                "network_interface_id": "eni-086dd5e2a247bb213"
              }
            ],
            "primary_network_interface_id": "eni-086dd5e2a247bb213",
            "private_dns": "ip-172-31-22-143.ec2.internal",
            "private_dns_name_options": [
              {
                "enable_resource_name_dns_a_record": false,
                "enable_resource_name_dns_aaaa_record": false,
                "hostname_type": "ip-name"
              }
            ],
            "private_ip": "172.31.22.143",
            "public_dns": "ec2-54-160-213-174.compute-1.amazonaws.com",
            "public_ip": "54.160.213.174",
            "region": "us-east-1",
            "root_block_device": [
              {
                "delete_on_termination": true,
                "device_name": "/dev/sda1",
                "encrypted": false,
                "iops": 3000,
                "kms_key_id": "",
                "tags": {},
                "tags_all": {},
                "throughput": 125,
                "volume_id": "vol-090503200a4add6f3",
                "volume_size": 8,
                "volume_type": "gp3"
              }
            ],
            "secondary_private_ips": [],
            "security_groups": [
              "default"
            ],
            "source_dest_check": true,
            "spot_instance_request_id": "",
            "subnet_id": "subnet-0d204dde42a5aab01",
            "tags": {
              "Name": "appserver-2"
            },
            "tags_all": {
              "Name": "appserver-2"
            },
            "tenancy": "default",
            "timeouts": null,
            "user_data": "#!/bin/bash\r\nset -euxo pipefail\r\nexec \u003e \u003e(tee -a /var/log/tomcat-setup.log) 2\u003e\u00261\r\n\r\n# ========== VARIABLES ==========\r\nTOMCAT_VERSION=\"9.0.111\"\r\nTOMCAT_USER=\"tomcat\"\r\nTOMCAT_PASSWORD=\"raham123\"\r\nINSTALL_DIR=\"/opt/tomcat\"\r\nTOMCAT_TGZ=\"apache-tomcat-${TOMCAT_VERSION}.tar.gz\"\r\nTOMCAT_URL=\"https://dlcdn.apache.org/tomcat/tomcat-9/v${TOMCAT_VERSION}/bin/${TOMCAT_TGZ}\"\r\n\r\n# ========== INSTALL JAVA ==========\r\nsudo apt-get update -y\r\nsudo apt-get install -y openjdk-17-jre-headless wget tar\r\n\r\n# ========== CREATE TOMCAT USER ==========\r\nif ! id $TOMCAT_USER \u003e/dev/null 2\u003e\u00261; then\r\n  sudo useradd -m -U -d ${INSTALL_DIR} -s /bin/false ${TOMCAT_USER}\r\nfi\r\n\r\n# ========== DOWNLOAD \u0026 INSTALL TOMCAT ==========\r\ncd /tmp\r\nwget -q ${TOMCAT_URL}\r\nsudo mkdir -p ${INSTALL_DIR}\r\nsudo tar -xzf ${TOMCAT_TGZ} -C ${INSTALL_DIR} --strip-components=1\r\nrm -f ${TOMCAT_TGZ}\r\n\r\n# ========== CONFIGURE TOMCAT USERS ==========\r\nTOMCAT_USERS_FILE=\"${INSTALL_DIR}/conf/tomcat-users.xml\"\r\n\r\nsudo tee ${TOMCAT_USERS_FILE} \u003e /dev/null \u003c\u003cEOF\r\n\u003c?xml version=\"1.0\" encoding=\"UTF-8\"?\u003e\r\n\u003ctomcat-users\u003e\r\n  \u003crole rolename=\"manager-gui\"/\u003e\r\n  \u003crole rolename=\"manager-script\"/\u003e\r\n  \u003cuser username=\"${TOMCAT_USER}\" password=\"${TOMCAT_PASSWORD}\" roles=\"manager-gui,manager-script\"/\u003e\r\n\u003c/tomcat-users\u003e\r\nEOF\r\n\r\n# ========== UNLOCK MANAGER \u0026 HOST-MANAGER WEBAPPS ==========\r\nsudo sed -i '/Valve className=\"org.apache.catalina.valves.RemoteAddrValve\"/d' \\\r\n  ${INSTALL_DIR}/webapps/manager/META-INF/context.xml || true\r\nsudo sed -i '/Valve className=\"org.apache.catalina.valves.RemoteAddrValve\"/d' \\\r\n  ${INSTALL_DIR}/webapps/host-manager/META-INF/context.xml || true\r\n\r\n# ========== PERMISSIONS ==========\r\nsudo chown -R ${TOMCAT_USER}:${TOMCAT_USER} ${INSTALL_DIR}\r\n\r\n# ========== SYSTEMD SERVICE ==========\r\nsudo tee /etc/systemd/system/tomcat.service \u003e /dev/null \u003c\u003cEOF\r\n[Unit]\r\nDescription=Apache Tomcat Web Application Container\r\nAfter=network.target\r\n\r\n[Service]\r\nType=forking\r\n\r\nUser=${TOMCAT_USER}\r\nGroup=${TOMCAT_USER}\r\n\r\nEnvironment=\"JAVA_HOME=/usr/lib/jvm/java-17-openjdk-amd64\"\r\nEnvironment=\"CATALINA_PID=${INSTALL_DIR}/temp/tomcat.pid\"\r\nEnvironment=\"CATALINA_HOME=${INSTALL_DIR}\"\r\nEnvironment=\"CATALINA_BASE=${INSTALL_DIR}\"\r\nEnvironment=\"CATALINA_OPTS=-Xms512M -Xmx1024M -server -XX:+UseParallelGC\"\r\nEnvironment=\"JAVA_OPTS=-Djava.awt.headless=true -Djava.security.egd=file:/dev/./urandom\"\r\n\r\nExecStart=${INSTALL_DIR}/bin/startup.sh\r\nExecStop=${INSTALL_DIR}/bin/shutdown.sh\r\n\r\nRestart=on-failure\r\n\r\n[Install]\r\nWantedBy=multi-user.target\r\nEOF\r\n\r\n# ========== START TOMCAT ==========\r\nsudo systemctl daemon-reload\r\nsudo systemctl enable tomcat\r\nsudo systemctl start tomcat\r\nsudo systemctl status tomcat --no-pager || true\r\n\r\necho \"✅ Tomcat ${TOMCAT_VERSION} installation completed successfully.\"\r\n",
            "user_data_base64": null,
            "user_data_replace_on_change": false,
            "volume_tags": null,
            "vpc_security_group_ids": [
              "sg-03d6fe3e4c0a53fa8"
            ]
          },
          "sensitive_attributes": [],
          "identity_schema_version": 0,
          "identity": {
            "account_id": "234495744558",
            "id": "i-0d5c90c6299a32862",
            "region": "us-east-1"
          },
          "private": "eyJlMmJmYjczMC1lY2FhLTExZTYtOGY4OC0zNDM2M2JjN2M0YzAiOnsiY3JlYXRlIjo2MDAwMDAwMDAwMDAsImRlbGV0ZSI6MTIwMDAwMDAwMDAwMCwicmVhZCI6OTAwMDAwMDAwMDAwLCJ1cGRhdGUiOjYwMDAwMDAwMDAwMH0sInNjaGVtYV92ZXJzaW9uIjoiMiJ9"
        },
        {
          "index_key": "grafana",
          "schema_version": 2,
          "attributes": {
            "ami": "ami-0360c520857e3138f",
            "arn": "arn:aws:ec2:us-east-1:234495744558:instance/i-0e73dab32d3e9c837",
            "associate_public_ip_address": true,
            "availability_zone": "us-east-1a",
            "capacity_reservation_specification": [
              {
                "capacity_reservation_preference": "open",
                "capacity_reservation_target": []
              }
            ],
            "cpu_options": [
              {
                "amd_sev_snp": "",
                "core_count": 1,
                "threads_per_core": 2
              }
            ],
            "credit_specification": [
              {
                "cpu_credits": "unlimited"
              }
            ],
            "disable_api_stop": false,
            "disable_api_termination": false,
            "ebs_block_device": [],
            "ebs_optimized": false,
            "enable_primary_ipv6": null,
            "enclave_options": [
              {
                "enabled": false
              }
            ],
            "ephemeral_block_device": [],
            "force_destroy": false,
            "get_password_data": false,
            "hibernation": false,
            "host_id": "",
            "host_resource_group_arn": null,
            "iam_instance_profile": "",
            "id": "i-0e73dab32d3e9c837",
            "instance_initiated_shutdown_behavior": "stop",
            "instance_lifecycle": "",
            "instance_market_options": [],
            "instance_state": "running",
            "instance_type": "t3.micro",
            "ipv6_address_count": 0,
            "ipv6_addresses": [],
            "key_name": "suv-key-pair",
            "launch_template": [],
            "maintenance_options": [
              {
                "auto_recovery": "default"
              }
            ],
            "metadata_options": [
              {
                "http_endpoint": "enabled",
                "http_protocol_ipv6": "disabled",
                "http_put_response_hop_limit": 2,
                "http_tokens": "required",
                "instance_metadata_tags": "disabled"
              }
            ],
            "monitoring": false,
            "network_interface": [],
            "outpost_arn": "",
            "password_data": "",
            "placement_group": "",
            "placement_group_id": "",
            "placement_partition_number": 0,
            "primary_network_interface": [
              {
                "delete_on_termination": true,
                "network_interface_id": "eni-0a3832be4ff7cf18b"
              }
            ],
            "primary_network_interface_id": "eni-0a3832be4ff7cf18b",
            "private_dns": "ip-172-31-18-2.ec2.internal",
            "private_dns_name_options": [
              {
                "enable_resource_name_dns_a_record": false,
                "enable_resource_name_dns_aaaa_record": false,
                "hostname_type": "ip-name"
              }
            ],
            "private_ip": "172.31.18.2",
            "public_dns": "ec2-54-167-27-250.compute-1.amazonaws.com",
            "public_ip": "54.167.27.250",
            "region": "us-east-1",
            "root_block_device": [
              {
                "delete_on_termination": true,
                "device_name": "/dev/sda1",
                "encrypted": false,
                "iops": 3000,
                "kms_key_id": "",
                "tags": {},
                "tags_all": {},
                "throughput": 125,
                "volume_id": "vol-04aae1799f3dda06c",
                "volume_size": 8,
                "volume_type": "gp3"
              }
            ],
            "secondary_private_ips": [],
            "security_groups": [
              "default"
            ],
            "source_dest_check": true,
            "spot_instance_request_id": "",
            "subnet_id": "subnet-0d204dde42a5aab01",
            "tags": {
              "Name": "grafana"
            },
            "tags_all": {
              "Name": "grafana"
            },
            "tenancy": "default",
            "timeouts": null,
            "user_data": "#!/bin/bash\r\nset -euxo pipefail\r\nexec \u003e \u003e(tee -a /var/log/monitoring-setup.log) 2\u003e\u00261\r\n\r\n# Ensure basic utilities\r\nsudo apt-get update -y\r\nsudo apt-get install -y wget curl tar adduser libfontconfig1\r\n\r\n# ========== PROMETHEUS ==========\r\nPROM_VERSION=\"2.43.0\"\r\ncd /tmp\r\n\r\necho \"Installing Prometheus v${PROM_VERSION}...\"\r\nwget -q https://github.com/prometheus/prometheus/releases/download/v${PROM_VERSION}/prometheus-${PROM_VERSION}.linux-amd64.tar.gz\r\ntar -xf prometheus-${PROM_VERSION}.linux-amd64.tar.gz\r\nsudo mv prometheus-${PROM_VERSION}.linux-amd64/prometheus prometheus-${PROM_VERSION}.linux-amd64/promtool /usr/local/bin/\r\n\r\nsudo mkdir -p /etc/prometheus /var/lib/prometheus\r\nsudo mv prometheus-${PROM_VERSION}.linux-amd64/consoles prometheus-${PROM_VERSION}.linux-amd64/console_libraries /etc/prometheus/\r\nsudo rm -rf prometheus-${PROM_VERSION}.linux-amd64*\r\n\r\n# Prometheus config\r\nsudo tee /etc/prometheus/prometheus.yml \u003e /dev/null \u003c\u003c'EOF'\r\nglobal:\r\n  scrape_interval: 10s\r\n\r\nscrape_configs:\r\n  - job_name: 'prometheus_metrics'\r\n    scrape_interval: 5s\r\n    static_configs:\r\n      - targets: ['localhost:9090']\r\n\r\n  - job_name: 'node_exporter_metrics'\r\n    scrape_interval: 5s\r\n    static_configs:\r\n      - targets: ['localhost:9100','worker-1:9100','worker-2:9100']\r\nEOF\r\n\r\n# Prometheus service user and permissions\r\nif ! id prometheus \u003e/dev/null 2\u003e\u00261; then\r\n  sudo useradd -rs /bin/false prometheus\r\nfi\r\nsudo chown -R prometheus:prometheus /etc/prometheus /var/lib/prometheus\r\n\r\n# Prometheus systemd unit\r\nsudo tee /etc/systemd/system/prometheus.service \u003e /dev/null \u003c\u003c'EOF'\r\n[Unit]\r\nDescription=Prometheus Monitoring\r\nAfter=network.target\r\n\r\n[Service]\r\nUser=prometheus\r\nGroup=prometheus\r\nType=simple\r\nExecStart=/usr/local/bin/prometheus \\\r\n  --config.file=/etc/prometheus/prometheus.yml \\\r\n  --storage.tsdb.path=/var/lib/prometheus/ \\\r\n  --web.console.templates=/etc/prometheus/consoles \\\r\n  --web.console.libraries=/etc/prometheus/console_libraries \\\r\n  --web.listen-address=:9090\r\n\r\n[Install]\r\nWantedBy=multi-user.target\r\nEOF\r\n\r\nsudo systemctl daemon-reload\r\nsudo systemctl enable prometheus\r\nsudo systemctl restart prometheus\r\nsudo systemctl status prometheus --no-pager || true\r\n\r\n\r\n# ========== GRAFANA ==========\r\nGRAFANA_VERSION=\"9.4.7\"\r\ncd /tmp\r\n\r\necho \"Installing Grafana v${GRAFANA_VERSION}...\"\r\nwget -q https://dl.grafana.com/enterprise/release/grafana-enterprise_${GRAFANA_VERSION}_amd64.deb\r\nsudo dpkg -i grafana-enterprise_${GRAFANA_VERSION}_amd64.deb || sudo apt-get install -f -y\r\n\r\nsudo systemctl daemon-reload\r\nsudo systemctl enable grafana-server\r\nsudo systemctl restart grafana-server\r\nsudo systemctl status grafana-server --no-pager || true\r\n\r\n\r\n# ========== NODE EXPORTER ==========\r\nNODE_EXPORTER_VERSION=\"1.5.0\"\r\ncd /tmp\r\n\r\necho \"Installing Node Exporter v${NODE_EXPORTER_VERSION}...\"\r\nwget -q https://github.com/prometheus/node_exporter/releases/download/v${NODE_EXPORTER_VERSION}/node_exporter-${NODE_EXPORTER_VERSION}.linux-amd64.tar.gz\r\ntar -xf node_exporter-${NODE_EXPORTER_VERSION}.linux-amd64.tar.gz\r\nsudo mv node_exporter-${NODE_EXPORTER_VERSION}.linux-amd64/node_exporter /usr/local/bin/\r\nrm -rf node_exporter-${NODE_EXPORTER_VERSION}.linux-amd64*\r\n\r\nif ! id node_exporter \u003e/dev/null 2\u003e\u00261; then\r\n  sudo useradd -rs /bin/false node_exporter\r\nfi\r\n\r\nsudo tee /etc/systemd/system/node_exporter.service \u003e /dev/null \u003c\u003c'EOF'\r\n[Unit]\r\nDescription=Prometheus Node Exporter\r\nAfter=network.target\r\n\r\n[Service]\r\nUser=node_exporter\r\nGroup=node_exporter\r\nType=simple\r\nExecStart=/usr/local/bin/node_exporter\r\n\r\n[Install]\r\nWantedBy=multi-user.target\r\nEOF\r\n\r\nsudo systemctl daemon-reload\r\nsudo systemctl enable node_exporter\r\nsudo systemctl restart node_exporter\r\nsudo systemctl status node_exporter --no-pager || true\r\n\r\necho \"✅ Prometheus + Grafana + Node Exporter setup completed successfully.\"\r\n",
            "user_data_base64": null,
            "user_data_replace_on_change": false,
            "volume_tags": null,
            "vpc_security_group_ids": [
              "sg-03d6fe3e4c0a53fa8"
            ]
          },
          "sensitive_attributes": [],
          "identity_schema_version": 0,
          "identity": {
            "account_id": "234495744558",
            "id": "i-0e73dab32d3e9c837",
            "region": "us-east-1"
          },
          "private": "eyJlMmJmYjczMC1lY2FhLTExZTYtOGY4OC0zNDM2M2JjN2M0YzAiOnsiY3JlYXRlIjo2MDAwMDAwMDAwMDAsImRlbGV0ZSI6MTIwMDAwMDAwMDAwMCwicmVhZCI6OTAwMDAwMDAwMDAwLCJ1cGRhdGUiOjYwMDAwMDAwMDAwMH0sInNjaGVtYV92ZXJzaW9uIjoiMiJ9"
        },
        {
          "index_key": "jenkins",
          "schema_version": 2,
          "attributes": {
            "ami": "ami-0360c520857e3138f",
            "arn": "arn:aws:ec2:us-east-1:234495744558:instance/i-0aa5f8adb2df8c828",
            "associate_public_ip_address": true,
            "availability_zone": "us-east-1a",
            "capacity_reservation_specification": [
              {
                "capacity_reservation_preference": "open",
                "capacity_reservation_target": []
              }
            ],
            "cpu_options": [
              {
                "amd_sev_snp": "",
                "core_count": 1,
                "threads_per_core": 2
              }
            ],
            "credit_specification": [
              {
                "cpu_credits": "unlimited"
              }
            ],
            "disable_api_stop": false,
            "disable_api_termination": false,
            "ebs_block_device": [],
            "ebs_optimized": false,
            "enable_primary_ipv6": null,
            "enclave_options": [
              {
                "enabled": false
              }
            ],
            "ephemeral_block_device": [],
            "force_destroy": false,
            "get_password_data": false,
            "hibernation": false,
            "host_id": "",
            "host_resource_group_arn": null,
            "iam_instance_profile": "",
            "id": "i-0aa5f8adb2df8c828",
            "instance_initiated_shutdown_behavior": "stop",
            "instance_lifecycle": "",
            "instance_market_options": [],
            "instance_state": "running",
            "instance_type": "t3.micro",
            "ipv6_address_count": 0,
            "ipv6_addresses": [],
            "key_name": "suv-key-pair",
            "launch_template": [],
            "maintenance_options": [
              {
                "auto_recovery": "default"
              }
            ],
            "metadata_options": [
              {
                "http_endpoint": "enabled",
                "http_protocol_ipv6": "disabled",
                "http_put_response_hop_limit": 2,
                "http_tokens": "required",
                "instance_metadata_tags": "disabled"
              }
            ],
            "monitoring": false,
            "network_interface": [],
            "outpost_arn": "",
            "password_data": "",
            "placement_group": "",
            "placement_group_id": "",
            "placement_partition_number": 0,
            "primary_network_interface": [
              {
                "delete_on_termination": true,
                "network_interface_id": "eni-0dc6e9aa4fbdc6481"
              }
            ],
            "primary_network_interface_id": "eni-0dc6e9aa4fbdc6481",
            "private_dns": "ip-172-31-26-80.ec2.internal",
            "private_dns_name_options": [
              {
                "enable_resource_name_dns_a_record": false,
                "enable_resource_name_dns_aaaa_record": false,
                "hostname_type": "ip-name"
              }
            ],
            "private_ip": "172.31.26.80",
            "public_dns": "ec2-35-172-213-74.compute-1.amazonaws.com",
            "public_ip": "35.172.213.74",
            "region": "us-east-1",
            "root_block_device": [
              {
                "delete_on_termination": true,
                "device_name": "/dev/sda1",
                "encrypted": false,
                "iops": 3000,
                "kms_key_id": "",
                "tags": {},
                "tags_all": {},
                "throughput": 125,
                "volume_id": "vol-03f4cf2fe049b1c6f",
                "volume_size": 8,
                "volume_type": "gp3"
              }
            ],
            "secondary_private_ips": [],
            "security_groups": [
              "default"
            ],
            "source_dest_check": true,
            "spot_instance_request_id": "",
            "subnet_id": "subnet-0d204dde42a5aab01",
            "tags": {
              "Name": "jenkins"
            },
            "tags_all": {
              "Name": "jenkins"
            },
            "tenancy": "default",
            "timeouts": null,
            "user_data": "#!/bin/bash\r\n\r\nsudo -i\r\nset -eux  # Exit on error and print each command\r\n\r\n# Update packages\r\nsudo apt update -y\r\n\r\n# Install Java\r\nsudo apt install -y openjdk-17-jdk\r\njava -version\r\n\r\n# Add Jenkins repo key and source list\r\ncurl -fsSL https://pkg.jenkins.io/debian-stable/jenkins.io-2023.key | sudo tee /usr/share/keyrings/jenkins-keyring.asc \u003e /dev/null\r\n\r\necho \"deb [signed-by=/usr/share/keyrings/jenkins-keyring.asc] https://pkg.jenkins.io/debian-stable binary/\" | sudo tee /etc/apt/sources.list.d/jenkins.list \u003e /dev/null\r\n\r\n# Install Jenkins\r\nsudo apt update -y\r\nsudo apt install -y jenkins\r\n\r\n# Enable and start Jenkins service\r\nsudo systemctl enable jenkins\r\nsudo systemctl start jenkins\r\n\r\n# Verify status\r\nsudo systemctl status jenkins || true\r\n",
            "user_data_base64": null,
            "user_data_replace_on_change": false,
            "volume_tags": null,
            "vpc_security_group_ids": [
              "sg-03d6fe3e4c0a53fa8"
            ]
          },
          "sensitive_attributes": [],
          "identity_schema_version": 0,
          "identity": {
            "account_id": "234495744558",
            "id": "i-0aa5f8adb2df8c828",
            "region": "us-east-1"
          },
          "private": "eyJlMmJmYjczMC1lY2FhLTExZTYtOGY4OC0zNDM2M2JjN2M0YzAiOnsiY3JlYXRlIjo2MDAwMDAwMDAwMDAsImRlbGV0ZSI6MTIwMDAwMDAwMDAwMCwicmVhZCI6OTAwMDAwMDAwMDAwLCJ1cGRhdGUiOjYwMDAwMDAwMDAwMH0sInNjaGVtYV92ZXJzaW9uIjoiMiJ9"
        }
      ]
    }
  ],
  "check_results": null
}
